
Microsoft Visual Studio Solution File, Format Version 12.00
# Visual Studio Version 16
Project("{8BC9CEB8-8B4A-11D0-8D11-00A0C91BC942}") = "ALL_BUILD", "ALL_BUILD.vcxproj", "{F4CFA7D6-CE5F-3ED9-9690-7D8B3E459FC4}"
	ProjectSection(ProjectDependencies) = postProject
		{E838038B-3918-36B3-8C8E-FD06BDA1CD82} = {E838038B-3918-36B3-8C8E-FD06BDA1CD82}
		{72C010DD-2FDF-372F-9648-FAE85D8A4823} = {72C010DD-2FDF-372F-9648-FAE85D8A4823}
	EndProjectSection
EndProject
Project("{8BC9CEB8-8B4A-11D0-8D11-00A0C91BC942}") = "ZERO_CHECK", "ZERO_CHECK.vcxproj", "{E838038B-3918-36B3-8C8E-FD06BDA1CD82}"
	ProjectSection(ProjectDependencies) = postProject
	EndProjectSection
EndProject
Project("{8BC9CEB8-8B4A-11D0-8D11-00A0C91BC942}") = "insmvm", "vm\insmvm.vcxproj", "{72C010DD-2FDF-372F-9648-FAE85D8A4823}"
	ProjectSection(ProjectDependencies) = postProject
		{E838038B-3918-36B3-8C8E-FD06BDA1CD82} = {E838038B-3918-36B3-8C8E-FD06BDA1CD82}
	EndProjectSection
EndProject
Global
	GlobalSection(SolutionConfigurationPlatforms) = preSolution
		Debug|x64 = Debug|x64
		Release|x64 = Release|x64
		MinSizeRel|x64 = MinSizeRel|x64
		RelWithDebInfo|x64 = RelWithDebInfo|x64
	EndGlobalSection
	GlobalSection(ProjectConfigurationPlatforms) = postSolution
		{F4CFA7D6-CE5F-3ED9-9690-7D8B3E459FC4}.Debug|x64.ActiveCfg = Debug|x64
		{F4CFA7D6-CE5F-3ED9-9690-7D8B3E459FC4}.Release|x64.ActiveCfg = Release|x64
		{F4CFA7D6-CE5F-3ED9-9690-7D8B3E459FC4}.MinSizeRel|x64.ActiveCfg = MinSizeRel|x64
		{F4CFA7D6-CE5F-3ED9-9690-7D8B3E459FC4}.RelWithDebInfo|x64.ActiveCfg = RelWithDebInfo|x64
		{E838038B-3918-36B3-8C8E-FD06BDA1CD82}.Debug|x64.ActiveCfg = Debug|x64
		{E838038B-3918-36B3-8C8E-FD06BDA1CD82}.Debug|x64.Build.0 = Debug|x64
		{E838038B-3918-36B3-8C8E-FD06BDA1CD82}.Release|x64.ActiveCfg = Release|x64
		{E838038B-3918-36B3-8C8E-FD06BDA1CD82}.Release|x64.Build.0 = Release|x64
		{E838038B-3918-36B3-8C8E-FD06BDA1CD82}.MinSizeRel|x64.ActiveCfg = MinSizeRel|x64
		{E838038B-3918-36B3-8C8E-FD06BDA1CD82}.MinSizeRel|x64.Build.0 = MinSizeRel|x64
		{E838038B-3918-36B3-8C8E-FD06BDA1CD82}.RelWithDebInfo|x64.ActiveCfg = RelWithDebInfo|x64
		{E838038B-3918-36B3-8C8E-FD06BDA1CD82}.RelWithDebInfo|x64.Build.0 = RelWithDebInfo|x64
		{72C010DD-2FDF-372F-9648-FAE85D8A4823}.Debug|x64.ActiveCfg = Debug|x64
		{72C010DD-2FDF-372F-9648-FAE85D8A4823}.Debug|x64.Build.0 = Debug|x64
		{72C010DD-2FDF-372F-9648-FAE85D8A4823}.Release|x64.ActiveCfg = Release|x64
		{72C010DD-2FDF-372F-9648-FAE85D8A4823}.Release|x64.Build.0 = Release|x64
		{72C010DD-2FDF-372F-9648-FAE85D8A4823}.MinSizeRel|x64.ActiveCfg = MinSizeRel|x64
		{72C010DD-2FDF-372F-9648-FAE85D8A4823}.MinSizeRel|x64.Build.0 = MinSizeRel|x64
		{72C010DD-2FDF-372F-9648-FAE85D8A4823}.RelWithDebInfo|x64.ActiveCfg = RelWithDebInfo|x64
		{72C010DD-2FDF-372F-9648-FAE85D8A4823}.RelWithDebInfo|x64.Build.0 = RelWithDebInfo|x64
	EndGlobalSection
	GlobalSection(ExtensibilityGlobals) = postSolution
		SolutionGuid = {263165BC-52D8-3B38-98A9-E7D0C9A5AA4B}
	EndGlobalSection
	GlobalSection(ExtensibilityAddIns) = postSolution
	EndGlobalSection
EndGlobal
