
Microsoft Visual Studio Solution File, Format Version 12.00
# Visual Studio Version 17
VisualStudioVersion = 17.0.31808.319
MinimumVisualStudioVersion = 10.0.40219.1
Project("{9A19103F-16F7-4668-BE54-9A1E7A4F7556}") = "veinc", "compiler\veinc.csproj", "{19465565-2DA2-44B1-B150-5A4BBFF575D5}"
EndProject
Project("{9A19103F-16F7-4668-BE54-9A1E7A4F7556}") = "veinc_test", "test\vc_test\veinc_test.csproj", "{8759A35D-DA78-4577-ACE0-E575CC744652}"
EndProject
Project("{2150E333-8FDC-42A3-9474-1A3956D46DE8}") = "backends", "backends", "{F1A3DE9B-263D-4F44-9A88-9ED37E9A9330}"
EndProject
Project("{9A19103F-16F7-4668-BE54-9A1E7A4F7556}") = "ishtar.base", "runtime\ishtar.base\ishtar.base.csproj", "{29CCD79E-9BA7-4A4A-AA70-6945B5BF6AE2}"
EndProject
Project("{9A19103F-16F7-4668-BE54-9A1E7A4F7556}") = "vein.common", "runtime\common\vein.common.csproj", "{19DC9DD6-189C-4EE7-BD38-2780A8AC111F}"
EndProject
Project("{9A19103F-16F7-4668-BE54-9A1E7A4F7556}") = "vein.ast", "lib\ast\vein.ast.csproj", "{C81A560B-DF7A-4085-9417-2A7B4E58AE87}"
EndProject
Project("{9A19103F-16F7-4668-BE54-9A1E7A4F7556}") = "vein.project", "lib\projectsystem\vein.project.csproj", "{5D7842C7-A8C3-440E-8715-7C99E48F6D7D}"
EndProject
Project("{9A19103F-16F7-4668-BE54-9A1E7A4F7556}") = "ishtar.vm", "runtime\ishtar.vm\ishtar.vm.csproj", "{109BF2DC-CE46-48B6-B3D1-C993F15605A2}"
EndProject
Project("{9A19103F-16F7-4668-BE54-9A1E7A4F7556}") = "ishtar.generator", "runtime\ishtar.generator\ishtar.generator.csproj", "{69B6693D-395C-4EA3-AC8D-6ACD3CBDCFE3}"
EndProject
Project("{2150E333-8FDC-42A3-9474-1A3956D46DE8}") = "tools", "tools", "{2A92D5A1-53AF-4E15-816C-3E64E2FAC9E4}"
EndProject
Project("{9A19103F-16F7-4668-BE54-9A1E7A4F7556}") = "ishtar_test", "test\ishtar_test\ishtar_test.csproj", "{6394F865-DD02-4610-B817-5A243862D20A}"
EndProject
Project("{2150E333-8FDC-42A3-9474-1A3956D46DE8}") = "tests", "tests", "{5AF546C3-347F-4595-9CA9-3DE286DBC585}"
EndProject
Project("{2150E333-8FDC-42A3-9474-1A3956D46DE8}") = "Solution Items", "Solution Items", "{95745037-9902-4EFA-83A6-0E43669EF927}"
	ProjectSection(SolutionItems) = preProject
		.editorconfig = .editorconfig
		.gitignore = .gitignore
		.gitmodules = .gitmodules
		Directory.Build.props = Directory.Build.props
		GitVersion.yml = GitVersion.yml
		LICENSE = LICENSE
		README.md = README.md
		spell.sh = spell.sh
	EndProjectSection
EndProject
Project("{2150E333-8FDC-42A3-9474-1A3956D46DE8}") = "libs", "libs", "{B79D9C1A-8074-4105-8447-93A5A059A2CB}"
EndProject
Project("{9A19103F-16F7-4668-BE54-9A1E7A4F7556}") = "vein.ast.v2", "lib\vein.ast.v2\vein.ast.v2.csproj", "{692BB75A-9493-4D36-A5FD-B86926E93AE5}"
EndProject
Project("{9A19103F-16F7-4668-BE54-9A1E7A4F7556}") = "Spectre.Console", "lib\spectre.console\src\Spectre.Console\Spectre.Console.csproj", "{EB9D2288-BF49-4A04-844C-8876AB8C1169}"
EndProject
Project("{9A19103F-16F7-4668-BE54-9A1E7A4F7556}") = "installer", "installer\installer.csproj", "{FC4BE8B9-A2F1-4946-932D-7D950C933383}"
EndProject
Project("{9A19103F-16F7-4668-BE54-9A1E7A4F7556}") = "version", "lib\version\version.csproj", "{36BF3DCA-0A2B-438B-A3B2-FE5321A07EC7}"
EndProject
Project("{9A19103F-16F7-4668-BE54-9A1E7A4F7556}") = "metadata", "metadata\metadata.csproj", "{080A5AF3-60E2-449A-A080-CCB650012CCE}"
EndProject
Project("{9A19103F-16F7-4668-BE54-9A1E7A4F7556}") = "sample_native_library", "tests\sample_native_library\sample_native_library.csproj", "{B0FFFF8B-7C90-4427-8A1A-5F34E4D61F57}"
EndProject
Project("{9A19103F-16F7-4668-BE54-9A1E7A4F7556}") = "Spectre.Console.Cli", "lib\spectre.console\src\Spectre.Console.Cli\Spectre.Console.Cli.csproj", "{B929FCEA-CC44-4673-A1E0-90522693F42A}"
EndProject
Project("{9A19103F-16F7-4668-BE54-9A1E7A4F7556}") = "ishtar_collections_test", "test\ishtar_collections_test\ishtar_collections_test.csproj", "{A9632845-23EC-4F5F-B422-92DDE1234134}"
EndProject
Project("{9A19103F-16F7-4668-BE54-9A1E7A4F7556}") = "ishtar.vm.libuv", "runtime\ishtar.vm.libuv\ishtar.vm.libuv.csproj", "{3E9D576A-C96E-407F-8112-E0D15F11322A}"
EndProject
Project("{9A19103F-16F7-4668-BE54-9A1E7A4F7556}") = "vein.std", "lib\vein.std\vein.std.csproj", "{4630487E-D9EA-4B62-A677-B8F0CDB3831F}"
EndProject
Project("{FAE04EC0-301F-11D3-BF4B-00C04F79EFBC}") = "ishtar.debug", "lib\ishtar.debug.console\ishtar.debug.csproj", "{17D286DB-1DF3-4280-8852-CED37FF50006}"
EndProject
Global
	GlobalSection(SolutionConfigurationPlatforms) = preSolution
		Debug|Any CPU = Debug|Any CPU
		Debug|x64 = Debug|x64
		Debug|x86 = Debug|x86
		Release|Any CPU = Release|Any CPU
		Release|x64 = Release|x64
		Release|x86 = Release|x86
	EndGlobalSection
	GlobalSection(ProjectConfigurationPlatforms) = postSolution
		{19465565-2DA2-44B1-B150-5A4BBFF575D5}.Debug|Any CPU.ActiveCfg = Debug|Any CPU
		{19465565-2DA2-44B1-B150-5A4BBFF575D5}.Debug|Any CPU.Build.0 = Debug|Any CPU
		{19465565-2DA2-44B1-B150-5A4BBFF575D5}.Debug|x64.ActiveCfg = Debug|Any CPU
		{19465565-2DA2-44B1-B150-5A4BBFF575D5}.Debug|x64.Build.0 = Debug|Any CPU
		{19465565-2DA2-44B1-B150-5A4BBFF575D5}.Debug|x86.ActiveCfg = Debug|Any CPU
		{19465565-2DA2-44B1-B150-5A4BBFF575D5}.Debug|x86.Build.0 = Debug|Any CPU
		{19465565-2DA2-44B1-B150-5A4BBFF575D5}.Release|Any CPU.ActiveCfg = Release|Any CPU
		{19465565-2DA2-44B1-B150-5A4BBFF575D5}.Release|Any CPU.Build.0 = Release|Any CPU
		{19465565-2DA2-44B1-B150-5A4BBFF575D5}.Release|x64.ActiveCfg = Release|Any CPU
		{19465565-2DA2-44B1-B150-5A4BBFF575D5}.Release|x64.Build.0 = Release|Any CPU
		{19465565-2DA2-44B1-B150-5A4BBFF575D5}.Release|x86.ActiveCfg = Release|Any CPU
		{19465565-2DA2-44B1-B150-5A4BBFF575D5}.Release|x86.Build.0 = Release|Any CPU
		{8759A35D-DA78-4577-ACE0-E575CC744652}.Debug|Any CPU.ActiveCfg = Debug|Any CPU
		{8759A35D-DA78-4577-ACE0-E575CC744652}.Debug|Any CPU.Build.0 = Debug|Any CPU
		{8759A35D-DA78-4577-ACE0-E575CC744652}.Debug|x64.ActiveCfg = Debug|Any CPU
		{8759A35D-DA78-4577-ACE0-E575CC744652}.Debug|x64.Build.0 = Debug|Any CPU
		{8759A35D-DA78-4577-ACE0-E575CC744652}.Debug|x86.ActiveCfg = Debug|Any CPU
		{8759A35D-DA78-4577-ACE0-E575CC744652}.Debug|x86.Build.0 = Debug|Any CPU
		{8759A35D-DA78-4577-ACE0-E575CC744652}.Release|Any CPU.ActiveCfg = Release|Any CPU
		{8759A35D-DA78-4577-ACE0-E575CC744652}.Release|Any CPU.Build.0 = Release|Any CPU
		{8759A35D-DA78-4577-ACE0-E575CC744652}.Release|x64.ActiveCfg = Release|Any CPU
		{8759A35D-DA78-4577-ACE0-E575CC744652}.Release|x64.Build.0 = Release|Any CPU
		{8759A35D-DA78-4577-ACE0-E575CC744652}.Release|x86.ActiveCfg = Release|Any CPU
		{8759A35D-DA78-4577-ACE0-E575CC744652}.Release|x86.Build.0 = Release|Any CPU
		{29CCD79E-9BA7-4A4A-AA70-6945B5BF6AE2}.Debug|Any CPU.ActiveCfg = Debug|Any CPU
		{29CCD79E-9BA7-4A4A-AA70-6945B5BF6AE2}.Debug|Any CPU.Build.0 = Debug|Any CPU
		{29CCD79E-9BA7-4A4A-AA70-6945B5BF6AE2}.Debug|x64.ActiveCfg = Debug|Any CPU
		{29CCD79E-9BA7-4A4A-AA70-6945B5BF6AE2}.Debug|x64.Build.0 = Debug|Any CPU
		{29CCD79E-9BA7-4A4A-AA70-6945B5BF6AE2}.Debug|x86.ActiveCfg = Debug|Any CPU
		{29CCD79E-9BA7-4A4A-AA70-6945B5BF6AE2}.Debug|x86.Build.0 = Debug|Any CPU
		{29CCD79E-9BA7-4A4A-AA70-6945B5BF6AE2}.Release|Any CPU.ActiveCfg = Release|Any CPU
		{29CCD79E-9BA7-4A4A-AA70-6945B5BF6AE2}.Release|Any CPU.Build.0 = Release|Any CPU
		{29CCD79E-9BA7-4A4A-AA70-6945B5BF6AE2}.Release|x64.ActiveCfg = Release|Any CPU
		{29CCD79E-9BA7-4A4A-AA70-6945B5BF6AE2}.Release|x64.Build.0 = Release|Any CPU
		{29CCD79E-9BA7-4A4A-AA70-6945B5BF6AE2}.Release|x86.ActiveCfg = Release|Any CPU
		{29CCD79E-9BA7-4A4A-AA70-6945B5BF6AE2}.Release|x86.Build.0 = Release|Any CPU
		{19DC9DD6-189C-4EE7-BD38-2780A8AC111F}.Debug|Any CPU.ActiveCfg = Debug|Any CPU
		{19DC9DD6-189C-4EE7-BD38-2780A8AC111F}.Debug|Any CPU.Build.0 = Debug|Any CPU
		{19DC9DD6-189C-4EE7-BD38-2780A8AC111F}.Debug|x64.ActiveCfg = Debug|Any CPU
		{19DC9DD6-189C-4EE7-BD38-2780A8AC111F}.Debug|x64.Build.0 = Debug|Any CPU
		{19DC9DD6-189C-4EE7-BD38-2780A8AC111F}.Debug|x86.ActiveCfg = Debug|Any CPU
		{19DC9DD6-189C-4EE7-BD38-2780A8AC111F}.Debug|x86.Build.0 = Debug|Any CPU
		{19DC9DD6-189C-4EE7-BD38-2780A8AC111F}.Release|Any CPU.ActiveCfg = Release|Any CPU
		{19DC9DD6-189C-4EE7-BD38-2780A8AC111F}.Release|Any CPU.Build.0 = Release|Any CPU
		{19DC9DD6-189C-4EE7-BD38-2780A8AC111F}.Release|x64.ActiveCfg = Release|Any CPU
		{19DC9DD6-189C-4EE7-BD38-2780A8AC111F}.Release|x64.Build.0 = Release|Any CPU
		{19DC9DD6-189C-4EE7-BD38-2780A8AC111F}.Release|x86.ActiveCfg = Release|Any CPU
		{19DC9DD6-189C-4EE7-BD38-2780A8AC111F}.Release|x86.Build.0 = Release|Any CPU
		{C81A560B-DF7A-4085-9417-2A7B4E58AE87}.Debug|Any CPU.ActiveCfg = Debug|Any CPU
		{C81A560B-DF7A-4085-9417-2A7B4E58AE87}.Debug|Any CPU.Build.0 = Debug|Any CPU
		{C81A560B-DF7A-4085-9417-2A7B4E58AE87}.Debug|x64.ActiveCfg = Debug|Any CPU
		{C81A560B-DF7A-4085-9417-2A7B4E58AE87}.Debug|x64.Build.0 = Debug|Any CPU
		{C81A560B-DF7A-4085-9417-2A7B4E58AE87}.Debug|x86.ActiveCfg = Debug|Any CPU
		{C81A560B-DF7A-4085-9417-2A7B4E58AE87}.Debug|x86.Build.0 = Debug|Any CPU
		{C81A560B-DF7A-4085-9417-2A7B4E58AE87}.Release|Any CPU.ActiveCfg = Release|Any CPU
		{C81A560B-DF7A-4085-9417-2A7B4E58AE87}.Release|Any CPU.Build.0 = Release|Any CPU
		{C81A560B-DF7A-4085-9417-2A7B4E58AE87}.Release|x64.ActiveCfg = Release|Any CPU
		{C81A560B-DF7A-4085-9417-2A7B4E58AE87}.Release|x64.Build.0 = Release|Any CPU
		{C81A560B-DF7A-4085-9417-2A7B4E58AE87}.Release|x86.ActiveCfg = Release|Any CPU
		{C81A560B-DF7A-4085-9417-2A7B4E58AE87}.Release|x86.Build.0 = Release|Any CPU
		{5D7842C7-A8C3-440E-8715-7C99E48F6D7D}.Debug|Any CPU.ActiveCfg = Debug|Any CPU
		{5D7842C7-A8C3-440E-8715-7C99E48F6D7D}.Debug|Any CPU.Build.0 = Debug|Any CPU
		{5D7842C7-A8C3-440E-8715-7C99E48F6D7D}.Debug|x64.ActiveCfg = Debug|Any CPU
		{5D7842C7-A8C3-440E-8715-7C99E48F6D7D}.Debug|x64.Build.0 = Debug|Any CPU
		{5D7842C7-A8C3-440E-8715-7C99E48F6D7D}.Debug|x86.ActiveCfg = Debug|Any CPU
		{5D7842C7-A8C3-440E-8715-7C99E48F6D7D}.Debug|x86.Build.0 = Debug|Any CPU
		{5D7842C7-A8C3-440E-8715-7C99E48F6D7D}.Release|Any CPU.ActiveCfg = Release|Any CPU
		{5D7842C7-A8C3-440E-8715-7C99E48F6D7D}.Release|Any CPU.Build.0 = Release|Any CPU
		{5D7842C7-A8C3-440E-8715-7C99E48F6D7D}.Release|x64.ActiveCfg = Release|Any CPU
		{5D7842C7-A8C3-440E-8715-7C99E48F6D7D}.Release|x64.Build.0 = Release|Any CPU
		{5D7842C7-A8C3-440E-8715-7C99E48F6D7D}.Release|x86.ActiveCfg = Release|Any CPU
		{5D7842C7-A8C3-440E-8715-7C99E48F6D7D}.Release|x86.Build.0 = Release|Any CPU
		{109BF2DC-CE46-48B6-B3D1-C993F15605A2}.Debug|Any CPU.ActiveCfg = Debug|Any CPU
		{109BF2DC-CE46-48B6-B3D1-C993F15605A2}.Debug|Any CPU.Build.0 = Debug|Any CPU
		{109BF2DC-CE46-48B6-B3D1-C993F15605A2}.Debug|x64.ActiveCfg = Debug|Any CPU
		{109BF2DC-CE46-48B6-B3D1-C993F15605A2}.Debug|x64.Build.0 = Debug|Any CPU
		{109BF2DC-CE46-48B6-B3D1-C993F15605A2}.Debug|x86.ActiveCfg = Debug|Any CPU
		{109BF2DC-CE46-48B6-B3D1-C993F15605A2}.Debug|x86.Build.0 = Debug|Any CPU
		{109BF2DC-CE46-48B6-B3D1-C993F15605A2}.Release|Any CPU.ActiveCfg = Release|Any CPU
		{109BF2DC-CE46-48B6-B3D1-C993F15605A2}.Release|Any CPU.Build.0 = Release|Any CPU
		{109BF2DC-CE46-48B6-B3D1-C993F15605A2}.Release|x64.ActiveCfg = Release|Any CPU
		{109BF2DC-CE46-48B6-B3D1-C993F15605A2}.Release|x64.Build.0 = Release|Any CPU
		{109BF2DC-CE46-48B6-B3D1-C993F15605A2}.Release|x86.ActiveCfg = Release|Any CPU
		{109BF2DC-CE46-48B6-B3D1-C993F15605A2}.Release|x86.Build.0 = Release|Any CPU
		{69B6693D-395C-4EA3-AC8D-6ACD3CBDCFE3}.Debug|Any CPU.ActiveCfg = Debug|Any CPU
		{69B6693D-395C-4EA3-AC8D-6ACD3CBDCFE3}.Debug|Any CPU.Build.0 = Debug|Any CPU
		{69B6693D-395C-4EA3-AC8D-6ACD3CBDCFE3}.Debug|x64.ActiveCfg = Debug|Any CPU
		{69B6693D-395C-4EA3-AC8D-6ACD3CBDCFE3}.Debug|x64.Build.0 = Debug|Any CPU
		{69B6693D-395C-4EA3-AC8D-6ACD3CBDCFE3}.Debug|x86.ActiveCfg = Debug|Any CPU
		{69B6693D-395C-4EA3-AC8D-6ACD3CBDCFE3}.Debug|x86.Build.0 = Debug|Any CPU
		{69B6693D-395C-4EA3-AC8D-6ACD3CBDCFE3}.Release|Any CPU.ActiveCfg = Release|Any CPU
		{69B6693D-395C-4EA3-AC8D-6ACD3CBDCFE3}.Release|Any CPU.Build.0 = Release|Any CPU
		{69B6693D-395C-4EA3-AC8D-6ACD3CBDCFE3}.Release|x64.ActiveCfg = Release|Any CPU
		{69B6693D-395C-4EA3-AC8D-6ACD3CBDCFE3}.Release|x64.Build.0 = Release|Any CPU
		{69B6693D-395C-4EA3-AC8D-6ACD3CBDCFE3}.Release|x86.ActiveCfg = Release|Any CPU
		{69B6693D-395C-4EA3-AC8D-6ACD3CBDCFE3}.Release|x86.Build.0 = Release|Any CPU
		{6394F865-DD02-4610-B817-5A243862D20A}.Debug|Any CPU.ActiveCfg = Debug|Any CPU
		{6394F865-DD02-4610-B817-5A243862D20A}.Debug|Any CPU.Build.0 = Debug|Any CPU
		{6394F865-DD02-4610-B817-5A243862D20A}.Debug|x64.ActiveCfg = Debug|Any CPU
		{6394F865-DD02-4610-B817-5A243862D20A}.Debug|x64.Build.0 = Debug|Any CPU
		{6394F865-DD02-4610-B817-5A243862D20A}.Debug|x86.ActiveCfg = Debug|Any CPU
		{6394F865-DD02-4610-B817-5A243862D20A}.Debug|x86.Build.0 = Debug|Any CPU
		{6394F865-DD02-4610-B817-5A243862D20A}.Release|Any CPU.ActiveCfg = Release|Any CPU
		{6394F865-DD02-4610-B817-5A243862D20A}.Release|Any CPU.Build.0 = Release|Any CPU
		{6394F865-DD02-4610-B817-5A243862D20A}.Release|x64.ActiveCfg = Release|Any CPU
		{6394F865-DD02-4610-B817-5A243862D20A}.Release|x64.Build.0 = Release|Any CPU
		{6394F865-DD02-4610-B817-5A243862D20A}.Release|x86.ActiveCfg = Release|Any CPU
		{6394F865-DD02-4610-B817-5A243862D20A}.Release|x86.Build.0 = Release|Any CPU
		{692BB75A-9493-4D36-A5FD-B86926E93AE5}.Debug|Any CPU.ActiveCfg = Debug|Any CPU
		{692BB75A-9493-4D36-A5FD-B86926E93AE5}.Debug|Any CPU.Build.0 = Debug|Any CPU
		{692BB75A-9493-4D36-A5FD-B86926E93AE5}.Debug|x64.ActiveCfg = Debug|Any CPU
		{692BB75A-9493-4D36-A5FD-B86926E93AE5}.Debug|x64.Build.0 = Debug|Any CPU
		{692BB75A-9493-4D36-A5FD-B86926E93AE5}.Debug|x86.ActiveCfg = Debug|Any CPU
		{692BB75A-9493-4D36-A5FD-B86926E93AE5}.Debug|x86.Build.0 = Debug|Any CPU
		{692BB75A-9493-4D36-A5FD-B86926E93AE5}.Release|Any CPU.ActiveCfg = Release|Any CPU
		{692BB75A-9493-4D36-A5FD-B86926E93AE5}.Release|Any CPU.Build.0 = Release|Any CPU
		{692BB75A-9493-4D36-A5FD-B86926E93AE5}.Release|x64.ActiveCfg = Release|Any CPU
		{692BB75A-9493-4D36-A5FD-B86926E93AE5}.Release|x64.Build.0 = Release|Any CPU
		{692BB75A-9493-4D36-A5FD-B86926E93AE5}.Release|x86.ActiveCfg = Release|Any CPU
		{692BB75A-9493-4D36-A5FD-B86926E93AE5}.Release|x86.Build.0 = Release|Any CPU
		{EB9D2288-BF49-4A04-844C-8876AB8C1169}.Debug|Any CPU.ActiveCfg = Debug|Any CPU
		{EB9D2288-BF49-4A04-844C-8876AB8C1169}.Debug|Any CPU.Build.0 = Debug|Any CPU
		{EB9D2288-BF49-4A04-844C-8876AB8C1169}.Debug|x64.ActiveCfg = Debug|Any CPU
		{EB9D2288-BF49-4A04-844C-8876AB8C1169}.Debug|x64.Build.0 = Debug|Any CPU
		{EB9D2288-BF49-4A04-844C-8876AB8C1169}.Debug|x86.ActiveCfg = Debug|Any CPU
		{EB9D2288-BF49-4A04-844C-8876AB8C1169}.Debug|x86.Build.0 = Debug|Any CPU
		{EB9D2288-BF49-4A04-844C-8876AB8C1169}.Release|Any CPU.ActiveCfg = Release|Any CPU
		{EB9D2288-BF49-4A04-844C-8876AB8C1169}.Release|Any CPU.Build.0 = Release|Any CPU
		{EB9D2288-BF49-4A04-844C-8876AB8C1169}.Release|x64.ActiveCfg = Release|Any CPU
		{EB9D2288-BF49-4A04-844C-8876AB8C1169}.Release|x64.Build.0 = Release|Any CPU
		{EB9D2288-BF49-4A04-844C-8876AB8C1169}.Release|x86.ActiveCfg = Release|Any CPU
		{EB9D2288-BF49-4A04-844C-8876AB8C1169}.Release|x86.Build.0 = Release|Any CPU
		{FC4BE8B9-A2F1-4946-932D-7D950C933383}.Debug|Any CPU.ActiveCfg = Debug|Any CPU
		{FC4BE8B9-A2F1-4946-932D-7D950C933383}.Debug|Any CPU.Build.0 = Debug|Any CPU
		{FC4BE8B9-A2F1-4946-932D-7D950C933383}.Debug|x64.ActiveCfg = Debug|Any CPU
		{FC4BE8B9-A2F1-4946-932D-7D950C933383}.Debug|x64.Build.0 = Debug|Any CPU
		{FC4BE8B9-A2F1-4946-932D-7D950C933383}.Debug|x86.ActiveCfg = Debug|Any CPU
		{FC4BE8B9-A2F1-4946-932D-7D950C933383}.Debug|x86.Build.0 = Debug|Any CPU
		{FC4BE8B9-A2F1-4946-932D-7D950C933383}.Release|Any CPU.ActiveCfg = Release|Any CPU
		{FC4BE8B9-A2F1-4946-932D-7D950C933383}.Release|Any CPU.Build.0 = Release|Any CPU
		{FC4BE8B9-A2F1-4946-932D-7D950C933383}.Release|x64.ActiveCfg = Release|Any CPU
		{FC4BE8B9-A2F1-4946-932D-7D950C933383}.Release|x64.Build.0 = Release|Any CPU
		{FC4BE8B9-A2F1-4946-932D-7D950C933383}.Release|x86.ActiveCfg = Release|Any CPU
		{FC4BE8B9-A2F1-4946-932D-7D950C933383}.Release|x86.Build.0 = Release|Any CPU
		{36BF3DCA-0A2B-438B-A3B2-FE5321A07EC7}.Debug|Any CPU.ActiveCfg = Debug|Any CPU
		{36BF3DCA-0A2B-438B-A3B2-FE5321A07EC7}.Debug|Any CPU.Build.0 = Debug|Any CPU
		{36BF3DCA-0A2B-438B-A3B2-FE5321A07EC7}.Debug|x64.ActiveCfg = Debug|Any CPU
		{36BF3DCA-0A2B-438B-A3B2-FE5321A07EC7}.Debug|x64.Build.0 = Debug|Any CPU
		{36BF3DCA-0A2B-438B-A3B2-FE5321A07EC7}.Debug|x86.ActiveCfg = Debug|Any CPU
		{36BF3DCA-0A2B-438B-A3B2-FE5321A07EC7}.Debug|x86.Build.0 = Debug|Any CPU
		{36BF3DCA-0A2B-438B-A3B2-FE5321A07EC7}.Release|Any CPU.ActiveCfg = Release|Any CPU
		{36BF3DCA-0A2B-438B-A3B2-FE5321A07EC7}.Release|Any CPU.Build.0 = Release|Any CPU
		{36BF3DCA-0A2B-438B-A3B2-FE5321A07EC7}.Release|x64.ActiveCfg = Release|Any CPU
		{36BF3DCA-0A2B-438B-A3B2-FE5321A07EC7}.Release|x64.Build.0 = Release|Any CPU
		{36BF3DCA-0A2B-438B-A3B2-FE5321A07EC7}.Release|x86.ActiveCfg = Release|Any CPU
		{36BF3DCA-0A2B-438B-A3B2-FE5321A07EC7}.Release|x86.Build.0 = Release|Any CPU
		{080A5AF3-60E2-449A-A080-CCB650012CCE}.Debug|Any CPU.ActiveCfg = Debug|Any CPU
		{080A5AF3-60E2-449A-A080-CCB650012CCE}.Debug|Any CPU.Build.0 = Debug|Any CPU
		{080A5AF3-60E2-449A-A080-CCB650012CCE}.Debug|x64.ActiveCfg = Debug|Any CPU
		{080A5AF3-60E2-449A-A080-CCB650012CCE}.Debug|x64.Build.0 = Debug|Any CPU
		{080A5AF3-60E2-449A-A080-CCB650012CCE}.Debug|x86.ActiveCfg = Debug|Any CPU
		{080A5AF3-60E2-449A-A080-CCB650012CCE}.Debug|x86.Build.0 = Debug|Any CPU
		{080A5AF3-60E2-449A-A080-CCB650012CCE}.Release|Any CPU.ActiveCfg = Release|Any CPU
		{080A5AF3-60E2-449A-A080-CCB650012CCE}.Release|Any CPU.Build.0 = Release|Any CPU
		{080A5AF3-60E2-449A-A080-CCB650012CCE}.Release|x64.ActiveCfg = Release|Any CPU
		{080A5AF3-60E2-449A-A080-CCB650012CCE}.Release|x64.Build.0 = Release|Any CPU
		{080A5AF3-60E2-449A-A080-CCB650012CCE}.Release|x86.ActiveCfg = Release|Any CPU
		{080A5AF3-60E2-449A-A080-CCB650012CCE}.Release|x86.Build.0 = Release|Any CPU
		{B0FFFF8B-7C90-4427-8A1A-5F34E4D61F57}.Debug|Any CPU.ActiveCfg = Debug|Any CPU
		{B0FFFF8B-7C90-4427-8A1A-5F34E4D61F57}.Debug|Any CPU.Build.0 = Debug|Any CPU
		{B0FFFF8B-7C90-4427-8A1A-5F34E4D61F57}.Debug|x64.ActiveCfg = Debug|Any CPU
		{B0FFFF8B-7C90-4427-8A1A-5F34E4D61F57}.Debug|x64.Build.0 = Debug|Any CPU
		{B0FFFF8B-7C90-4427-8A1A-5F34E4D61F57}.Debug|x86.ActiveCfg = Debug|Any CPU
		{B0FFFF8B-7C90-4427-8A1A-5F34E4D61F57}.Debug|x86.Build.0 = Debug|Any CPU
		{B0FFFF8B-7C90-4427-8A1A-5F34E4D61F57}.Release|Any CPU.ActiveCfg = Release|Any CPU
		{B0FFFF8B-7C90-4427-8A1A-5F34E4D61F57}.Release|Any CPU.Build.0 = Release|Any CPU
		{B0FFFF8B-7C90-4427-8A1A-5F34E4D61F57}.Release|x64.ActiveCfg = Release|Any CPU
		{B0FFFF8B-7C90-4427-8A1A-5F34E4D61F57}.Release|x64.Build.0 = Release|Any CPU
		{B0FFFF8B-7C90-4427-8A1A-5F34E4D61F57}.Release|x86.ActiveCfg = Release|Any CPU
		{B0FFFF8B-7C90-4427-8A1A-5F34E4D61F57}.Release|x86.Build.0 = Release|Any CPU
		{B929FCEA-CC44-4673-A1E0-90522693F42A}.Debug|Any CPU.ActiveCfg = Debug|Any CPU
		{B929FCEA-CC44-4673-A1E0-90522693F42A}.Debug|Any CPU.Build.0 = Debug|Any CPU
		{B929FCEA-CC44-4673-A1E0-90522693F42A}.Debug|x64.ActiveCfg = Debug|Any CPU
		{B929FCEA-CC44-4673-A1E0-90522693F42A}.Debug|x64.Build.0 = Debug|Any CPU
		{B929FCEA-CC44-4673-A1E0-90522693F42A}.Debug|x86.ActiveCfg = Debug|Any CPU
		{B929FCEA-CC44-4673-A1E0-90522693F42A}.Debug|x86.Build.0 = Debug|Any CPU
		{B929FCEA-CC44-4673-A1E0-90522693F42A}.Release|Any CPU.ActiveCfg = Release|Any CPU
		{B929FCEA-CC44-4673-A1E0-90522693F42A}.Release|Any CPU.Build.0 = Release|Any CPU
		{B929FCEA-CC44-4673-A1E0-90522693F42A}.Release|x64.ActiveCfg = Release|Any CPU
		{B929FCEA-CC44-4673-A1E0-90522693F42A}.Release|x64.Build.0 = Release|Any CPU
		{B929FCEA-CC44-4673-A1E0-90522693F42A}.Release|x86.ActiveCfg = Release|Any CPU
		{B929FCEA-CC44-4673-A1E0-90522693F42A}.Release|x86.Build.0 = Release|Any CPU
		{A9632845-23EC-4F5F-B422-92DDE1234134}.Debug|Any CPU.ActiveCfg = Debug|Any CPU
		{A9632845-23EC-4F5F-B422-92DDE1234134}.Debug|Any CPU.Build.0 = Debug|Any CPU
		{A9632845-23EC-4F5F-B422-92DDE1234134}.Debug|x64.ActiveCfg = Debug|Any CPU
		{A9632845-23EC-4F5F-B422-92DDE1234134}.Debug|x64.Build.0 = Debug|Any CPU
		{A9632845-23EC-4F5F-B422-92DDE1234134}.Debug|x86.ActiveCfg = Debug|Any CPU
		{A9632845-23EC-4F5F-B422-92DDE1234134}.Debug|x86.Build.0 = Debug|Any CPU
		{A9632845-23EC-4F5F-B422-92DDE1234134}.Release|Any CPU.ActiveCfg = Release|Any CPU
		{A9632845-23EC-4F5F-B422-92DDE1234134}.Release|Any CPU.Build.0 = Release|Any CPU
		{A9632845-23EC-4F5F-B422-92DDE1234134}.Release|x64.ActiveCfg = Release|Any CPU
		{A9632845-23EC-4F5F-B422-92DDE1234134}.Release|x64.Build.0 = Release|Any CPU
		{A9632845-23EC-4F5F-B422-92DDE1234134}.Release|x86.ActiveCfg = Release|Any CPU
		{A9632845-23EC-4F5F-B422-92DDE1234134}.Release|x86.Build.0 = Release|Any CPU
		{3E9D576A-C96E-407F-8112-E0D15F11322A}.Debug|Any CPU.ActiveCfg = Debug|Any CPU
		{3E9D576A-C96E-407F-8112-E0D15F11322A}.Debug|Any CPU.Build.0 = Debug|Any CPU
		{3E9D576A-C96E-407F-8112-E0D15F11322A}.Debug|x64.ActiveCfg = Debug|Any CPU
		{3E9D576A-C96E-407F-8112-E0D15F11322A}.Debug|x64.Build.0 = Debug|Any CPU
		{3E9D576A-C96E-407F-8112-E0D15F11322A}.Debug|x86.ActiveCfg = Debug|Any CPU
		{3E9D576A-C96E-407F-8112-E0D15F11322A}.Debug|x86.Build.0 = Debug|Any CPU
		{3E9D576A-C96E-407F-8112-E0D15F11322A}.Release|Any CPU.ActiveCfg = Release|Any CPU
		{3E9D576A-C96E-407F-8112-E0D15F11322A}.Release|Any CPU.Build.0 = Release|Any CPU
		{3E9D576A-C96E-407F-8112-E0D15F11322A}.Release|x64.ActiveCfg = Release|Any CPU
		{3E9D576A-C96E-407F-8112-E0D15F11322A}.Release|x64.Build.0 = Release|Any CPU
		{3E9D576A-C96E-407F-8112-E0D15F11322A}.Release|x86.ActiveCfg = Release|Any CPU
		{3E9D576A-C96E-407F-8112-E0D15F11322A}.Release|x86.Build.0 = Release|Any CPU
		{4630487E-D9EA-4B62-A677-B8F0CDB3831F}.Debug|Any CPU.ActiveCfg = Debug|Any CPU
		{4630487E-D9EA-4B62-A677-B8F0CDB3831F}.Debug|Any CPU.Build.0 = Debug|Any CPU
		{4630487E-D9EA-4B62-A677-B8F0CDB3831F}.Debug|x64.ActiveCfg = Debug|Any CPU
		{4630487E-D9EA-4B62-A677-B8F0CDB3831F}.Debug|x64.Build.0 = Debug|Any CPU
		{4630487E-D9EA-4B62-A677-B8F0CDB3831F}.Debug|x86.ActiveCfg = Debug|Any CPU
		{4630487E-D9EA-4B62-A677-B8F0CDB3831F}.Debug|x86.Build.0 = Debug|Any CPU
		{4630487E-D9EA-4B62-A677-B8F0CDB3831F}.Release|Any CPU.ActiveCfg = Release|Any CPU
		{4630487E-D9EA-4B62-A677-B8F0CDB3831F}.Release|Any CPU.Build.0 = Release|Any CPU
		{4630487E-D9EA-4B62-A677-B8F0CDB3831F}.Release|x64.ActiveCfg = Release|Any CPU
		{4630487E-D9EA-4B62-A677-B8F0CDB3831F}.Release|x64.Build.0 = Release|Any CPU
		{4630487E-D9EA-4B62-A677-B8F0CDB3831F}.Release|x86.ActiveCfg = Release|Any CPU
		{4630487E-D9EA-4B62-A677-B8F0CDB3831F}.Release|x86.Build.0 = Release|Any CPU
		{17D286DB-1DF3-4280-8852-CED37FF50006}.Debug|Any CPU.ActiveCfg = Debug|Any CPU
		{17D286DB-1DF3-4280-8852-CED37FF50006}.Debug|Any CPU.Build.0 = Debug|Any CPU
		{17D286DB-1DF3-4280-8852-CED37FF50006}.Debug|x64.ActiveCfg = Debug|Any CPU
		{17D286DB-1DF3-4280-8852-CED37FF50006}.Debug|x64.Build.0 = Debug|Any CPU
		{17D286DB-1DF3-4280-8852-CED37FF50006}.Debug|x86.ActiveCfg = Debug|Any CPU
		{17D286DB-1DF3-4280-8852-CED37FF50006}.Debug|x86.Build.0 = Debug|Any CPU
		{17D286DB-1DF3-4280-8852-CED37FF50006}.Release|Any CPU.ActiveCfg = Release|Any CPU
		{17D286DB-1DF3-4280-8852-CED37FF50006}.Release|Any CPU.Build.0 = Release|Any CPU
		{17D286DB-1DF3-4280-8852-CED37FF50006}.Release|x64.ActiveCfg = Release|Any CPU
		{17D286DB-1DF3-4280-8852-CED37FF50006}.Release|x64.Build.0 = Release|Any CPU
		{17D286DB-1DF3-4280-8852-CED37FF50006}.Release|x86.ActiveCfg = Release|Any CPU
		{17D286DB-1DF3-4280-8852-CED37FF50006}.Release|x86.Build.0 = Release|Any CPU
	EndGlobalSection
	GlobalSection(SolutionProperties) = preSolution
		HideSolutionNode = FALSE
	EndGlobalSection
	GlobalSection(NestedProjects) = preSolution
		{19465565-2DA2-44B1-B150-5A4BBFF575D5} = {2A92D5A1-53AF-4E15-816C-3E64E2FAC9E4}
		{8759A35D-DA78-4577-ACE0-E575CC744652} = {5AF546C3-347F-4595-9CA9-3DE286DBC585}
		{29CCD79E-9BA7-4A4A-AA70-6945B5BF6AE2} = {F1A3DE9B-263D-4F44-9A88-9ED37E9A9330}
		{19DC9DD6-189C-4EE7-BD38-2780A8AC111F} = {B79D9C1A-8074-4105-8447-93A5A059A2CB}
		{C81A560B-DF7A-4085-9417-2A7B4E58AE87} = {B79D9C1A-8074-4105-8447-93A5A059A2CB}
		{5D7842C7-A8C3-440E-8715-7C99E48F6D7D} = {B79D9C1A-8074-4105-8447-93A5A059A2CB}
		{109BF2DC-CE46-48B6-B3D1-C993F15605A2} = {F1A3DE9B-263D-4F44-9A88-9ED37E9A9330}
		{69B6693D-395C-4EA3-AC8D-6ACD3CBDCFE3} = {F1A3DE9B-263D-4F44-9A88-9ED37E9A9330}
		{6394F865-DD02-4610-B817-5A243862D20A} = {5AF546C3-347F-4595-9CA9-3DE286DBC585}
		{692BB75A-9493-4D36-A5FD-B86926E93AE5} = {B79D9C1A-8074-4105-8447-93A5A059A2CB}
		{EB9D2288-BF49-4A04-844C-8876AB8C1169} = {B79D9C1A-8074-4105-8447-93A5A059A2CB}
		{FC4BE8B9-A2F1-4946-932D-7D950C933383} = {2A92D5A1-53AF-4E15-816C-3E64E2FAC9E4}
		{36BF3DCA-0A2B-438B-A3B2-FE5321A07EC7} = {2A92D5A1-53AF-4E15-816C-3E64E2FAC9E4}
		{080A5AF3-60E2-449A-A080-CCB650012CCE} = {2A92D5A1-53AF-4E15-816C-3E64E2FAC9E4}
		{B0FFFF8B-7C90-4427-8A1A-5F34E4D61F57} = {5AF546C3-347F-4595-9CA9-3DE286DBC585}
		{B929FCEA-CC44-4673-A1E0-90522693F42A} = {B79D9C1A-8074-4105-8447-93A5A059A2CB}
		{A9632845-23EC-4F5F-B422-92DDE1234134} = {5AF546C3-347F-4595-9CA9-3DE286DBC585}
		{3E9D576A-C96E-407F-8112-E0D15F11322A} = {F1A3DE9B-263D-4F44-9A88-9ED37E9A9330}
		{4630487E-D9EA-4B62-A677-B8F0CDB3831F} = {B79D9C1A-8074-4105-8447-93A5A059A2CB}
		{17D286DB-1DF3-4280-8852-CED37FF50006} = {B79D9C1A-8074-4105-8447-93A5A059A2CB}
	EndGlobalSection
	GlobalSection(ExtensibilityGlobals) = postSolution
		SolutionGuid = {E2BB3994-6F65-4E41-BA44-6258F00A3A28}
	EndGlobalSection
EndGlobal
