
Microsoft Visual Studio Solution File, Format Version 12.00
# Visual Studio Version 16
VisualStudioVersion = 16.0.30804.86
MinimumVisualStudioVersion = 10.0.40219.1
Project("{8BC9CEB8-8B4A-11D0-8D11-00A0C91BC942}") = "vm", "vm\vm.vcxproj", "{D046370E-C01F-44BB-8A1A-EF321ADD0D02}"
EndProject
Project("{9A19103F-16F7-4668-BE54-9A1E7A4F7556}") = "wc", "compiler\wc.csproj", "{19465565-2DA2-44B1-B150-5A4BBFF575D5}"
EndProject
Project("{9A19103F-16F7-4668-BE54-9A1E7A4F7556}") = "langserver", "langserver\langserver.csproj", "{59AB67CC-A6CF-4957-9FC6-5128212FED8F}"
EndProject
Global
	GlobalSection(SolutionConfigurationPlatforms) = preSolution
		Debug|Any CPU = Debug|Any CPU
		Debug|x64 = Debug|x64
		Debug|x86 = Debug|x86
		Release|Any CPU = Release|Any CPU
		Release|x64 = Release|x64
		Release|x86 = Release|x86
	EndGlobalSection
	GlobalSection(ProjectConfigurationPlatforms) = postSolution
		{D046370E-C01F-44BB-8A1A-EF321ADD0D02}.Debug|Any CPU.ActiveCfg = Debug|Win32
		{D046370E-C01F-44BB-8A1A-EF321ADD0D02}.Debug|x64.ActiveCfg = Debug|x64
		{D046370E-C01F-44BB-8A1A-EF321ADD0D02}.Debug|x64.Build.0 = Debug|x64
		{D046370E-C01F-44BB-8A1A-EF321ADD0D02}.Debug|x86.ActiveCfg = Debug|Win32
		{D046370E-C01F-44BB-8A1A-EF321ADD0D02}.Debug|x86.Build.0 = Debug|Win32
		{D046370E-C01F-44BB-8A1A-EF321ADD0D02}.Release|Any CPU.ActiveCfg = Release|Win32
		{D046370E-C01F-44BB-8A1A-EF321ADD0D02}.Release|x64.ActiveCfg = Release|x64
		{D046370E-C01F-44BB-8A1A-EF321ADD0D02}.Release|x64.Build.0 = Release|x64
		{D046370E-C01F-44BB-8A1A-EF321ADD0D02}.Release|x86.ActiveCfg = Release|Win32
		{D046370E-C01F-44BB-8A1A-EF321ADD0D02}.Release|x86.Build.0 = Release|Win32
		{19465565-2DA2-44B1-B150-5A4BBFF575D5}.Debug|Any CPU.ActiveCfg = Debug|Any CPU
		{19465565-2DA2-44B1-B150-5A4BBFF575D5}.Debug|Any CPU.Build.0 = Debug|Any CPU
		{19465565-2DA2-44B1-B150-5A4BBFF575D5}.Debug|x64.ActiveCfg = Debug|Any CPU
		{19465565-2DA2-44B1-B150-5A4BBFF575D5}.Debug|x64.Build.0 = Debug|Any CPU
		{19465565-2DA2-44B1-B150-5A4BBFF575D5}.Debug|x86.ActiveCfg = Debug|Any CPU
		{19465565-2DA2-44B1-B150-5A4BBFF575D5}.Debug|x86.Build.0 = Debug|Any CPU
		{19465565-2DA2-44B1-B150-5A4BBFF575D5}.Release|Any CPU.ActiveCfg = Release|Any CPU
		{19465565-2DA2-44B1-B150-5A4BBFF575D5}.Release|Any CPU.Build.0 = Release|Any CPU
		{19465565-2DA2-44B1-B150-5A4BBFF575D5}.Release|x64.ActiveCfg = Release|Any CPU
		{19465565-2DA2-44B1-B150-5A4BBFF575D5}.Release|x64.Build.0 = Release|Any CPU
		{19465565-2DA2-44B1-B150-5A4BBFF575D5}.Release|x86.ActiveCfg = Release|Any CPU
		{19465565-2DA2-44B1-B150-5A4BBFF575D5}.Release|x86.Build.0 = Release|Any CPU
		{59AB67CC-A6CF-4957-9FC6-5128212FED8F}.Debug|Any CPU.ActiveCfg = Debug|Any CPU
		{59AB67CC-A6CF-4957-9FC6-5128212FED8F}.Debug|Any CPU.Build.0 = Debug|Any CPU
		{59AB67CC-A6CF-4957-9FC6-5128212FED8F}.Debug|x64.ActiveCfg = Debug|Any CPU
		{59AB67CC-A6CF-4957-9FC6-5128212FED8F}.Debug|x64.Build.0 = Debug|Any CPU
		{59AB67CC-A6CF-4957-9FC6-5128212FED8F}.Debug|x86.ActiveCfg = Debug|Any CPU
		{59AB67CC-A6CF-4957-9FC6-5128212FED8F}.Debug|x86.Build.0 = Debug|Any CPU
		{59AB67CC-A6CF-4957-9FC6-5128212FED8F}.Release|Any CPU.ActiveCfg = Release|Any CPU
		{59AB67CC-A6CF-4957-9FC6-5128212FED8F}.Release|Any CPU.Build.0 = Release|Any CPU
		{59AB67CC-A6CF-4957-9FC6-5128212FED8F}.Release|x64.ActiveCfg = Release|Any CPU
		{59AB67CC-A6CF-4957-9FC6-5128212FED8F}.Release|x64.Build.0 = Release|Any CPU
		{59AB67CC-A6CF-4957-9FC6-5128212FED8F}.Release|x86.ActiveCfg = Release|Any CPU
		{59AB67CC-A6CF-4957-9FC6-5128212FED8F}.Release|x86.Build.0 = Release|Any CPU
	EndGlobalSection
	GlobalSection(SolutionProperties) = preSolution
		HideSolutionNode = FALSE
	EndGlobalSection
	GlobalSection(ExtensibilityGlobals) = postSolution
		SolutionGuid = {E2BB3994-6F65-4E41-BA44-6258F00A3A28}
	EndGlobalSection
EndGlobal
