
Microsoft Visual Studio Solution File, Format Version 12.00
# Visual Studio Version 16
VisualStudioVersion = 16.0.30804.86
MinimumVisualStudioVersion = 10.0.40219.1
Project("{9A19103F-16F7-4668-BE54-9A1E7A4F7556}") = "wc", "compiler\wc.csproj", "{19465565-2DA2-44B1-B150-5A4BBFF575D5}"
EndProject
Project("{9A19103F-16F7-4668-BE54-9A1E7A4F7556}") = "wc_test", "test\wc_test\wc_test.csproj", "{8759A35D-DA78-4577-ACE0-E575CC744652}"
EndProject
Project("{2150E333-8FDC-42A3-9474-1A3956D46DE8}") = "backends", "backends", "{F1A3DE9B-263D-4F44-9A88-9ED37E9A9330}"
EndProject
Project("{9A19103F-16F7-4668-BE54-9A1E7A4F7556}") = "wave.backend.ishtar", "backend\Ishtar\wave.backend.ishtar.csproj", "{29CCD79E-9BA7-4A4A-AA70-6945B5BF6AE2}"
EndProject
Project("{9A19103F-16F7-4668-BE54-9A1E7A4F7556}") = "wave.backend.clr", "backend\CLR\wave.backend.clr.csproj", "{A81D3445-631D-48DC-8254-7D9844A9F06D}"
EndProject
Project("{9A19103F-16F7-4668-BE54-9A1E7A4F7556}") = "wave.backend.llvm", "backend\LLVM\wave.backend.llvm.csproj", "{7121D4A8-F14F-4AC4-A1A8-9890911FBA4A}"
EndProject
Project("{9A19103F-16F7-4668-BE54-9A1E7A4F7556}") = "wave.backend.hashlink", "backend\Hashlink\wave.backend.hashlink.csproj", "{B1769D83-42F7-499B-977B-BDE51398EDC6}"
EndProject
Project("{9A19103F-16F7-4668-BE54-9A1E7A4F7556}") = "wave.common", "backend\Common\wave.common.csproj", "{19DC9DD6-189C-4EE7-BD38-2780A8AC111F}"
EndProject
Project("{9A19103F-16F7-4668-BE54-9A1E7A4F7556}") = "wave.ast", "lib\ast\wave.ast.csproj", "{C81A560B-DF7A-4085-9417-2A7B4E58AE87}"
EndProject
Project("{9A19103F-16F7-4668-BE54-9A1E7A4F7556}") = "projectsystem", "lib\projectsystem\projectsystem.csproj", "{5D7842C7-A8C3-440E-8715-7C99E48F6D7D}"
EndProject
Global
	GlobalSection(SolutionConfigurationPlatforms) = preSolution
		Debug|Any CPU = Debug|Any CPU
		Debug|x64 = Debug|x64
		Debug|x86 = Debug|x86
		Release|Any CPU = Release|Any CPU
		Release|x64 = Release|x64
		Release|x86 = Release|x86
	EndGlobalSection
	GlobalSection(ProjectConfigurationPlatforms) = postSolution
		{19465565-2DA2-44B1-B150-5A4BBFF575D5}.Debug|Any CPU.ActiveCfg = Debug|Any CPU
		{19465565-2DA2-44B1-B150-5A4BBFF575D5}.Debug|Any CPU.Build.0 = Debug|Any CPU
		{19465565-2DA2-44B1-B150-5A4BBFF575D5}.Debug|x64.ActiveCfg = Debug|Any CPU
		{19465565-2DA2-44B1-B150-5A4BBFF575D5}.Debug|x64.Build.0 = Debug|Any CPU
		{19465565-2DA2-44B1-B150-5A4BBFF575D5}.Debug|x86.ActiveCfg = Debug|Any CPU
		{19465565-2DA2-44B1-B150-5A4BBFF575D5}.Debug|x86.Build.0 = Debug|Any CPU
		{19465565-2DA2-44B1-B150-5A4BBFF575D5}.Release|Any CPU.ActiveCfg = Release|Any CPU
		{19465565-2DA2-44B1-B150-5A4BBFF575D5}.Release|Any CPU.Build.0 = Release|Any CPU
		{19465565-2DA2-44B1-B150-5A4BBFF575D5}.Release|x64.ActiveCfg = Release|Any CPU
		{19465565-2DA2-44B1-B150-5A4BBFF575D5}.Release|x64.Build.0 = Release|Any CPU
		{19465565-2DA2-44B1-B150-5A4BBFF575D5}.Release|x86.ActiveCfg = Release|Any CPU
		{19465565-2DA2-44B1-B150-5A4BBFF575D5}.Release|x86.Build.0 = Release|Any CPU
		{8759A35D-DA78-4577-ACE0-E575CC744652}.Debug|Any CPU.ActiveCfg = Debug|Any CPU
		{8759A35D-DA78-4577-ACE0-E575CC744652}.Debug|Any CPU.Build.0 = Debug|Any CPU
		{8759A35D-DA78-4577-ACE0-E575CC744652}.Debug|x64.ActiveCfg = Debug|Any CPU
		{8759A35D-DA78-4577-ACE0-E575CC744652}.Debug|x64.Build.0 = Debug|Any CPU
		{8759A35D-DA78-4577-ACE0-E575CC744652}.Debug|x86.ActiveCfg = Debug|Any CPU
		{8759A35D-DA78-4577-ACE0-E575CC744652}.Debug|x86.Build.0 = Debug|Any CPU
		{8759A35D-DA78-4577-ACE0-E575CC744652}.Release|Any CPU.ActiveCfg = Release|Any CPU
		{8759A35D-DA78-4577-ACE0-E575CC744652}.Release|Any CPU.Build.0 = Release|Any CPU
		{8759A35D-DA78-4577-ACE0-E575CC744652}.Release|x64.ActiveCfg = Release|Any CPU
		{8759A35D-DA78-4577-ACE0-E575CC744652}.Release|x64.Build.0 = Release|Any CPU
		{8759A35D-DA78-4577-ACE0-E575CC744652}.Release|x86.ActiveCfg = Release|Any CPU
		{8759A35D-DA78-4577-ACE0-E575CC744652}.Release|x86.Build.0 = Release|Any CPU
		{29CCD79E-9BA7-4A4A-AA70-6945B5BF6AE2}.Debug|Any CPU.ActiveCfg = Debug|Any CPU
		{29CCD79E-9BA7-4A4A-AA70-6945B5BF6AE2}.Debug|Any CPU.Build.0 = Debug|Any CPU
		{29CCD79E-9BA7-4A4A-AA70-6945B5BF6AE2}.Debug|x64.ActiveCfg = Debug|Any CPU
		{29CCD79E-9BA7-4A4A-AA70-6945B5BF6AE2}.Debug|x64.Build.0 = Debug|Any CPU
		{29CCD79E-9BA7-4A4A-AA70-6945B5BF6AE2}.Debug|x86.ActiveCfg = Debug|Any CPU
		{29CCD79E-9BA7-4A4A-AA70-6945B5BF6AE2}.Debug|x86.Build.0 = Debug|Any CPU
		{29CCD79E-9BA7-4A4A-AA70-6945B5BF6AE2}.Release|Any CPU.ActiveCfg = Release|Any CPU
		{29CCD79E-9BA7-4A4A-AA70-6945B5BF6AE2}.Release|Any CPU.Build.0 = Release|Any CPU
		{29CCD79E-9BA7-4A4A-AA70-6945B5BF6AE2}.Release|x64.ActiveCfg = Release|Any CPU
		{29CCD79E-9BA7-4A4A-AA70-6945B5BF6AE2}.Release|x64.Build.0 = Release|Any CPU
		{29CCD79E-9BA7-4A4A-AA70-6945B5BF6AE2}.Release|x86.ActiveCfg = Release|Any CPU
		{29CCD79E-9BA7-4A4A-AA70-6945B5BF6AE2}.Release|x86.Build.0 = Release|Any CPU
		{A81D3445-631D-48DC-8254-7D9844A9F06D}.Debug|Any CPU.ActiveCfg = Debug|Any CPU
		{A81D3445-631D-48DC-8254-7D9844A9F06D}.Debug|Any CPU.Build.0 = Debug|Any CPU
		{A81D3445-631D-48DC-8254-7D9844A9F06D}.Debug|x64.ActiveCfg = Debug|Any CPU
		{A81D3445-631D-48DC-8254-7D9844A9F06D}.Debug|x64.Build.0 = Debug|Any CPU
		{A81D3445-631D-48DC-8254-7D9844A9F06D}.Debug|x86.ActiveCfg = Debug|Any CPU
		{A81D3445-631D-48DC-8254-7D9844A9F06D}.Debug|x86.Build.0 = Debug|Any CPU
		{A81D3445-631D-48DC-8254-7D9844A9F06D}.Release|Any CPU.ActiveCfg = Release|Any CPU
		{A81D3445-631D-48DC-8254-7D9844A9F06D}.Release|Any CPU.Build.0 = Release|Any CPU
		{A81D3445-631D-48DC-8254-7D9844A9F06D}.Release|x64.ActiveCfg = Release|Any CPU
		{A81D3445-631D-48DC-8254-7D9844A9F06D}.Release|x64.Build.0 = Release|Any CPU
		{A81D3445-631D-48DC-8254-7D9844A9F06D}.Release|x86.ActiveCfg = Release|Any CPU
		{A81D3445-631D-48DC-8254-7D9844A9F06D}.Release|x86.Build.0 = Release|Any CPU
		{7121D4A8-F14F-4AC4-A1A8-9890911FBA4A}.Debug|Any CPU.ActiveCfg = Debug|Any CPU
		{7121D4A8-F14F-4AC4-A1A8-9890911FBA4A}.Debug|Any CPU.Build.0 = Debug|Any CPU
		{7121D4A8-F14F-4AC4-A1A8-9890911FBA4A}.Debug|x64.ActiveCfg = Debug|Any CPU
		{7121D4A8-F14F-4AC4-A1A8-9890911FBA4A}.Debug|x64.Build.0 = Debug|Any CPU
		{7121D4A8-F14F-4AC4-A1A8-9890911FBA4A}.Debug|x86.ActiveCfg = Debug|Any CPU
		{7121D4A8-F14F-4AC4-A1A8-9890911FBA4A}.Debug|x86.Build.0 = Debug|Any CPU
		{7121D4A8-F14F-4AC4-A1A8-9890911FBA4A}.Release|Any CPU.ActiveCfg = Release|Any CPU
		{7121D4A8-F14F-4AC4-A1A8-9890911FBA4A}.Release|Any CPU.Build.0 = Release|Any CPU
		{7121D4A8-F14F-4AC4-A1A8-9890911FBA4A}.Release|x64.ActiveCfg = Release|Any CPU
		{7121D4A8-F14F-4AC4-A1A8-9890911FBA4A}.Release|x64.Build.0 = Release|Any CPU
		{7121D4A8-F14F-4AC4-A1A8-9890911FBA4A}.Release|x86.ActiveCfg = Release|Any CPU
		{7121D4A8-F14F-4AC4-A1A8-9890911FBA4A}.Release|x86.Build.0 = Release|Any CPU
		{B1769D83-42F7-499B-977B-BDE51398EDC6}.Debug|Any CPU.ActiveCfg = Debug|Any CPU
		{B1769D83-42F7-499B-977B-BDE51398EDC6}.Debug|Any CPU.Build.0 = Debug|Any CPU
		{B1769D83-42F7-499B-977B-BDE51398EDC6}.Debug|x64.ActiveCfg = Debug|Any CPU
		{B1769D83-42F7-499B-977B-BDE51398EDC6}.Debug|x64.Build.0 = Debug|Any CPU
		{B1769D83-42F7-499B-977B-BDE51398EDC6}.Debug|x86.ActiveCfg = Debug|Any CPU
		{B1769D83-42F7-499B-977B-BDE51398EDC6}.Debug|x86.Build.0 = Debug|Any CPU
		{B1769D83-42F7-499B-977B-BDE51398EDC6}.Release|Any CPU.ActiveCfg = Release|Any CPU
		{B1769D83-42F7-499B-977B-BDE51398EDC6}.Release|Any CPU.Build.0 = Release|Any CPU
		{B1769D83-42F7-499B-977B-BDE51398EDC6}.Release|x64.ActiveCfg = Release|Any CPU
		{B1769D83-42F7-499B-977B-BDE51398EDC6}.Release|x64.Build.0 = Release|Any CPU
		{B1769D83-42F7-499B-977B-BDE51398EDC6}.Release|x86.ActiveCfg = Release|Any CPU
		{B1769D83-42F7-499B-977B-BDE51398EDC6}.Release|x86.Build.0 = Release|Any CPU
		{19DC9DD6-189C-4EE7-BD38-2780A8AC111F}.Debug|Any CPU.ActiveCfg = Debug|Any CPU
		{19DC9DD6-189C-4EE7-BD38-2780A8AC111F}.Debug|Any CPU.Build.0 = Debug|Any CPU
		{19DC9DD6-189C-4EE7-BD38-2780A8AC111F}.Debug|x64.ActiveCfg = Debug|Any CPU
		{19DC9DD6-189C-4EE7-BD38-2780A8AC111F}.Debug|x64.Build.0 = Debug|Any CPU
		{19DC9DD6-189C-4EE7-BD38-2780A8AC111F}.Debug|x86.ActiveCfg = Debug|Any CPU
		{19DC9DD6-189C-4EE7-BD38-2780A8AC111F}.Debug|x86.Build.0 = Debug|Any CPU
		{19DC9DD6-189C-4EE7-BD38-2780A8AC111F}.Release|Any CPU.ActiveCfg = Release|Any CPU
		{19DC9DD6-189C-4EE7-BD38-2780A8AC111F}.Release|Any CPU.Build.0 = Release|Any CPU
		{19DC9DD6-189C-4EE7-BD38-2780A8AC111F}.Release|x64.ActiveCfg = Release|Any CPU
		{19DC9DD6-189C-4EE7-BD38-2780A8AC111F}.Release|x64.Build.0 = Release|Any CPU
		{19DC9DD6-189C-4EE7-BD38-2780A8AC111F}.Release|x86.ActiveCfg = Release|Any CPU
		{19DC9DD6-189C-4EE7-BD38-2780A8AC111F}.Release|x86.Build.0 = Release|Any CPU
		{C81A560B-DF7A-4085-9417-2A7B4E58AE87}.Debug|Any CPU.ActiveCfg = Debug|Any CPU
		{C81A560B-DF7A-4085-9417-2A7B4E58AE87}.Debug|Any CPU.Build.0 = Debug|Any CPU
		{C81A560B-DF7A-4085-9417-2A7B4E58AE87}.Debug|x64.ActiveCfg = Debug|Any CPU
		{C81A560B-DF7A-4085-9417-2A7B4E58AE87}.Debug|x64.Build.0 = Debug|Any CPU
		{C81A560B-DF7A-4085-9417-2A7B4E58AE87}.Debug|x86.ActiveCfg = Debug|Any CPU
		{C81A560B-DF7A-4085-9417-2A7B4E58AE87}.Debug|x86.Build.0 = Debug|Any CPU
		{C81A560B-DF7A-4085-9417-2A7B4E58AE87}.Release|Any CPU.ActiveCfg = Release|Any CPU
		{C81A560B-DF7A-4085-9417-2A7B4E58AE87}.Release|Any CPU.Build.0 = Release|Any CPU
		{C81A560B-DF7A-4085-9417-2A7B4E58AE87}.Release|x64.ActiveCfg = Release|Any CPU
		{C81A560B-DF7A-4085-9417-2A7B4E58AE87}.Release|x64.Build.0 = Release|Any CPU
		{C81A560B-DF7A-4085-9417-2A7B4E58AE87}.Release|x86.ActiveCfg = Release|Any CPU
		{C81A560B-DF7A-4085-9417-2A7B4E58AE87}.Release|x86.Build.0 = Release|Any CPU
		{5D7842C7-A8C3-440E-8715-7C99E48F6D7D}.Debug|Any CPU.ActiveCfg = Debug|Any CPU
		{5D7842C7-A8C3-440E-8715-7C99E48F6D7D}.Debug|Any CPU.Build.0 = Debug|Any CPU
		{5D7842C7-A8C3-440E-8715-7C99E48F6D7D}.Debug|x64.ActiveCfg = Debug|Any CPU
		{5D7842C7-A8C3-440E-8715-7C99E48F6D7D}.Debug|x64.Build.0 = Debug|Any CPU
		{5D7842C7-A8C3-440E-8715-7C99E48F6D7D}.Debug|x86.ActiveCfg = Debug|Any CPU
		{5D7842C7-A8C3-440E-8715-7C99E48F6D7D}.Debug|x86.Build.0 = Debug|Any CPU
		{5D7842C7-A8C3-440E-8715-7C99E48F6D7D}.Release|Any CPU.ActiveCfg = Release|Any CPU
		{5D7842C7-A8C3-440E-8715-7C99E48F6D7D}.Release|Any CPU.Build.0 = Release|Any CPU
		{5D7842C7-A8C3-440E-8715-7C99E48F6D7D}.Release|x64.ActiveCfg = Release|Any CPU
		{5D7842C7-A8C3-440E-8715-7C99E48F6D7D}.Release|x64.Build.0 = Release|Any CPU
		{5D7842C7-A8C3-440E-8715-7C99E48F6D7D}.Release|x86.ActiveCfg = Release|Any CPU
		{5D7842C7-A8C3-440E-8715-7C99E48F6D7D}.Release|x86.Build.0 = Release|Any CPU
	EndGlobalSection
	GlobalSection(SolutionProperties) = preSolution
		HideSolutionNode = FALSE
	EndGlobalSection
	GlobalSection(NestedProjects) = preSolution
		{29CCD79E-9BA7-4A4A-AA70-6945B5BF6AE2} = {F1A3DE9B-263D-4F44-9A88-9ED37E9A9330}
		{A81D3445-631D-48DC-8254-7D9844A9F06D} = {F1A3DE9B-263D-4F44-9A88-9ED37E9A9330}
		{7121D4A8-F14F-4AC4-A1A8-9890911FBA4A} = {F1A3DE9B-263D-4F44-9A88-9ED37E9A9330}
		{B1769D83-42F7-499B-977B-BDE51398EDC6} = {F1A3DE9B-263D-4F44-9A88-9ED37E9A9330}
	EndGlobalSection
	GlobalSection(ExtensibilityGlobals) = postSolution
		SolutionGuid = {E2BB3994-6F65-4E41-BA44-6258F00A3A28}
	EndGlobalSection
EndGlobal
