<?xml version="1.0" encoding="utf-8"?>
<Project ToolsVersion="4.0" xmlns="http://schemas.microsoft.com/developer/msbuild/2003">
  <ItemGroup>
    <Filter Include="Source Files">
      <UniqueIdentifier>{4FC737F1-C7A5-4376-A066-2A32D752A2FF}</UniqueIdentifier>
      <Extensions>cpp;c;cc;cxx;c++;cppm;ixx;def;odl;idl;hpj;bat;asm;asmx</Extensions>
    </Filter>
    <Filter Include="Header Files">
      <UniqueIdentifier>{93995380-89BD-4b04-88EB-625FBE52EBFB}</UniqueIdentifier>
      <Extensions>h;hh;hpp;hxx;h++;hm;inl;inc;ipp;xsd</Extensions>
    </Filter>
    <Filter Include="Resource Files">
      <UniqueIdentifier>{67DA6AB6-F800-4c08-8B7A-83BB121AAD01}</UniqueIdentifier>
      <Extensions>rc;ico;cur;bmp;dlg;rc2;rct;bin;rgs;gif;jpg;jpeg;jpe;resx;tiff;tif;png;wav;mfcribbon-ms</Extensions>
    </Filter>
    <Filter Include="Header Files\external">
      <UniqueIdentifier>{5f18c492-e6d6-44fd-a8fd-c739038d8936}</UniqueIdentifier>
    </Filter>
    <Filter Include="Header Files\collections">
      <UniqueIdentifier>{c2f1738d-d207-43a4-9792-9093e351eb27}</UniqueIdentifier>
    </Filter>
    <Filter Include="Header Files\types">
      <UniqueIdentifier>{6350d79b-f3fd-4390-ac3d-3d305e0b2f97}</UniqueIdentifier>
    </Filter>
    <Filter Include="Header Files\builtin">
      <UniqueIdentifier>{2d8f513e-d83a-4ef1-a3ff-21d8fb81f851}</UniqueIdentifier>
    </Filter>
    <Filter Include="Header Files\streams">
      <UniqueIdentifier>{610cd822-ffaa-436c-8de5-2d621accb7db}</UniqueIdentifier>
    </Filter>
    <Filter Include="Header Files\utils">
      <UniqueIdentifier>{d8dbeaf9-542c-44c6-9a81-a410548670d2}</UniqueIdentifier>
    </Filter>
    <Filter Include="Header Files\emit">
      <UniqueIdentifier>{31f5da25-2f63-4271-a951-2259d534f8db}</UniqueIdentifier>
    </Filter>
  </ItemGroup>
  <ItemGroup>
    <ClCompile Include="entry.cpp">
      <Filter>Source Files</Filter>
    </ClCompile>
    <ClCompile Include="api\eeprom_windows.cpp">
      <Filter>Header Files\external</Filter>
    </ClCompile>
  </ItemGroup>
  <ItemGroup>
    <ClInclude Include="..\include\emit\FieldName.hpp">
      <Filter>Header Files\emit</Filter>
    </ClInclude>
    <ClInclude Include="..\include\emit\WaveModue.hpp">
      <Filter>Header Files\emit</Filter>
    </ClInclude>
    <ClInclude Include="..\include\emit\Exceptions.hpp">
      <Filter>Header Files\emit</Filter>
    </ClInclude>
    <ClInclude Include="..\include\utils\string.trim.hpp">
      <Filter>Header Files\utils</Filter>
    </ClInclude>
    <ClInclude Include="..\include\utils\string.contains.hpp">
      <Filter>Header Files\utils</Filter>
    </ClInclude>
    <ClInclude Include="..\include\utils\string.start.hpp">
      <Filter>Header Files\utils</Filter>
    </ClInclude>
    <ClInclude Include="..\include\collections\dictionary.hpp">
      <Filter>Header Files\collections</Filter>
    </ClInclude>
    <ClInclude Include="..\include\collections\list.hpp">
      <Filter>Header Files\collections</Filter>
    </ClInclude>
    <ClInclude Include="..\include\emit\TypeName.hpp">
      <Filter>Header Files\emit</Filter>
    </ClInclude>
    <ClInclude Include="..\include\emit\ClassFlags.hpp">
      <Filter>Header Files\emit</Filter>
    </ClInclude>
    <ClInclude Include="..\include\emit\WaveMemberKind.hpp">
      <Filter>Header Files\emit</Filter>
    </ClInclude>
    <ClInclude Include="..\include\emit\WaveMember.hpp">
      <Filter>Header Files\emit</Filter>
    </ClInclude>
    <ClInclude Include="..\include\utils\string.split.hpp">
      <Filter>Header Files\utils</Filter>
    </ClInclude>
    <ClInclude Include="..\include\emit\WaveField.hpp">
      <Filter>Header Files\emit</Filter>
    </ClInclude>
    <ClInclude Include="..\include\emit\FieldFlags.hpp">
      <Filter>Header Files\emit</Filter>
    </ClInclude>
    <ClInclude Include="..\include\WaveTypeCode.hpp">
      <Filter>Header Files\emit</Filter>
    </ClInclude>
    <ClInclude Include="..\include\types\WaveClass.hpp">
      <Filter>Header Files\emit</Filter>
    </ClInclude>
    <ClInclude Include="..\include\types\WaveType.hpp">
      <Filter>Header Files\emit</Filter>
    </ClInclude>
    <ClInclude Include="..\include\types\WaveMethod.hpp">
      <Filter>Header Files\types</Filter>
    </ClInclude>
    <ClInclude Include="..\include\types\WaveMethodHeader.hpp">
      <Filter>Header Files\types</Filter>
    </ClInclude>
    <ClInclude Include="..\include\collections\hashtable.hpp">
      <Filter>Header Files\collections</Filter>
    </ClInclude>
    <ClInclude Include="..\include\types\WaveString.hpp">
      <Filter>Header Files\types</Filter>
    </ClInclude>
    <ClInclude Include="..\include\compatibility.hpp">
      <Filter>Header Files</Filter>
    </ClInclude>
    <ClInclude Include="..\include\compatibility.types.hpp">
      <Filter>Header Files</Filter>
    </ClInclude>
    <ClInclude Include="..\include\types\WaveCore.hpp">
      <Filter>Header Files\types</Filter>
    </ClInclude>
    <ClInclude Include="..\include\types\WaveImage.hpp">
      <Filter>Header Files\types</Filter>
    </ClInclude>
    <ClInclude Include="..\include\core.hpp">
      <Filter>Header Files</Filter>
    </ClInclude>
    <ClInclude Include="..\include\eq.hpp">
      <Filter>Header Files</Filter>
    </ClInclude>
    <ClInclude Include="..\include\hash.hpp">
      <Filter>Header Files</Filter>
    </ClInclude>
    <ClInclude Include="..\include\types\WaveArray.hpp">
      <Filter>Header Files\types</Filter>
    </ClInclude>
    <ClInclude Include="..\include\types\WaveCallConvention.hpp">
      <Filter>Header Files\types</Filter>
    </ClInclude>
    <ClInclude Include="..\include\types\WaveModificator.hpp">
      <Filter>Header Files\types</Filter>
    </ClInclude>
    <ClInclude Include="..\include\types\WaveMethodSignature.hpp">
      <Filter>Header Files\types</Filter>
    </ClInclude>
    <ClInclude Include="..\include\types\WaveMethodPInvokeInfo.hpp">
      <Filter>Header Files\types</Filter>
    </ClInclude>
    <ClInclude Include="..\include\types\WaveObject.hpp">
      <Filter>Header Files\types</Filter>
    </ClInclude>
    <ClInclude Include="..\include\types\WaveRef.hpp">
      <Filter>Header Files\types</Filter>
    </ClInclude>
    <ClInclude Include="..\include\internal.hpp">
      <Filter>Header Files</Filter>
    </ClInclude>
    <ClInclude Include="..\include\interp.hpp">
      <Filter>Header Files</Filter>
    </ClInclude>
    <ClInclude Include="..\include\proxy.hpp">
      <Filter>Header Files</Filter>
    </ClInclude>
    <ClInclude Include="..\include\streams\binary_reader.hpp">
      <Filter>Header Files\streams</Filter>
    </ClInclude>
    <ClInclude Include="..\include\streams\memory_stream.hpp">
      <Filter>Header Files\streams</Filter>
    </ClInclude>
    <ClInclude Include="..\include\streams\stream.hpp">
      <Filter>Header Files\streams</Filter>
    </ClInclude>
    <ClInclude Include="..\include\api\boolinq.hpp">
      <Filter>Header Files\collections</Filter>
    </ClInclude>
    <ClInclude Include="..\include\builtin\console.buniltin.hpp">
      <Filter>Header Files\builtin</Filter>
    </ClInclude>
    <ClInclude Include="..\include\api\EEPROM.hpp">
      <Filter>Header Files\external</Filter>
    </ClInclude>
    <ClInclude Include="..\include\api\Windows\eeprom_windows.hpp">
      <Filter>Header Files\external</Filter>
    </ClInclude>
    <ClInclude Include="..\include\api\elf_reader.hpp">
      <Filter>Header Files\external</Filter>
    </ClInclude>
  </ItemGroup>
  <ItemGroup>
    <None Include="..\metadata\opcodes.def">
      <Filter>Source Files</Filter>
    </None>
    <None Include="..\metadata\internal.def">
      <Filter>Source Files</Filter>
    </None>
  </ItemGroup>
</Project>