
Microsoft Visual Studio Solution File, Format Version 12.00
# Visual Studio Version 17
VisualStudioVersion = 17.5.002.0
MinimumVisualStudioVersion = 10.0.40219.1
Project("{2150E333-8FDC-42A3-9474-1A3956D46DE8}") = "core", "core", "{4EC9864E-5C3B-470A-B174-163FE34C7EE1}"
EndProject
Project("{9A19103F-16F7-4668-BE54-9A1E7A4F7556}") = "tew", "core\tew\tew.csproj", "{F7F7B881-6802-47F6-B111-265BDBEA2034}"
EndProject
Global
	GlobalSection(SolutionConfigurationPlatforms) = preSolution
		Debug|Any CPU = Debug|Any CPU
		Release|Any CPU = Release|Any CPU
	EndGlobalSection
	GlobalSection(ProjectConfigurationPlatforms) = postSolution
		{F7F7B881-6802-47F6-B111-265BDBEA2034}.Debug|Any CPU.ActiveCfg = Debug|Any CPU
		{F7F7B881-6802-47F6-B111-265BDBEA2034}.Debug|Any CPU.Build.0 = Debug|Any CPU
		{F7F7B881-6802-47F6-B111-265BDBEA2034}.Release|Any CPU.ActiveCfg = Release|Any CPU
		{F7F7B881-6802-47F6-B111-265BDBEA2034}.Release|Any CPU.Build.0 = Release|Any CPU
	EndGlobalSection
	GlobalSection(SolutionProperties) = preSolution
		HideSolutionNode = FALSE
	EndGlobalSection
	GlobalSection(NestedProjects) = preSolution
		{F7F7B881-6802-47F6-B111-265BDBEA2034} = {4EC9864E-5C3B-470A-B174-163FE34C7EE1}
	EndGlobalSection
	GlobalSection(ExtensibilityGlobals) = postSolution
		SolutionGuid = {083EA53E-48A5-4141-9841-FE3105CA5374}
	EndGlobalSection
EndGlobal
