<?xml version="1.0" encoding="utf-8"?>
<Project ToolsVersion="4.0" xmlns="http://schemas.microsoft.com/developer/msbuild/2003">
  <ItemGroup>
    <Filter Include="Source Files">
      <UniqueIdentifier>{4FC737F1-C7A5-4376-A066-2A32D752A2FF}</UniqueIdentifier>
      <Extensions>cpp;c;cc;cxx;c++;cppm;ixx;def;odl;idl;hpj;bat;asm;asmx</Extensions>
    </Filter>
    <Filter Include="Header Files">
      <UniqueIdentifier>{93995380-89BD-4b04-88EB-625FBE52EBFB}</UniqueIdentifier>
      <Extensions>h;hh;hpp;hxx;h++;hm;inl;inc;ipp;xsd</Extensions>
    </Filter>
    <Filter Include="Resource Files">
      <UniqueIdentifier>{67DA6AB6-F800-4c08-8B7A-83BB121AAD01}</UniqueIdentifier>
      <Extensions>rc;ico;cur;bmp;dlg;rc2;rct;bin;rgs;gif;jpg;jpeg;jpe;resx;tiff;tif;png;wav;mfcribbon-ms</Extensions>
    </Filter>
    <Filter Include="Header Files\external">
      <UniqueIdentifier>{5f18c492-e6d6-44fd-a8fd-c739038d8936}</UniqueIdentifier>
    </Filter>
    <Filter Include="Header Files\collections">
      <UniqueIdentifier>{c2f1738d-d207-43a4-9792-9093e351eb27}</UniqueIdentifier>
    </Filter>
    <Filter Include="Header Files\types">
      <UniqueIdentifier>{6350d79b-f3fd-4390-ac3d-3d305e0b2f97}</UniqueIdentifier>
    </Filter>
  </ItemGroup>
  <ItemGroup>
    <ClCompile Include="..\src\entry.cpp">
      <Filter>Source Files</Filter>
    </ClCompile>
    <ClCompile Include="..\src\api\eeprom_windows.cpp">
      <Filter>Header Files\external</Filter>
    </ClCompile>
  </ItemGroup>
  <ItemGroup>
    <ClInclude Include="..\include\class.h">
      <Filter>Header Files</Filter>
    </ClInclude>
    <ClInclude Include="..\include\core.h">
      <Filter>Header Files</Filter>
    </ClInclude>
    <ClInclude Include="..\include\interp.h">
      <Filter>Header Files</Filter>
    </ClInclude>
    <ClInclude Include="..\include\compatibility.h">
      <Filter>Header Files</Filter>
    </ClInclude>
    <ClInclude Include="..\include\compatibility.types.h">
      <Filter>Header Files</Filter>
    </ClInclude>
    <ClInclude Include="..\include\eq.h">
      <Filter>Header Files</Filter>
    </ClInclude>
    <ClInclude Include="..\include\api\EEPROM.h">
      <Filter>Header Files\external</Filter>
    </ClInclude>
    <ClInclude Include="..\include\api\Windows\eeprom_windows.h">
      <Filter>Header Files\external</Filter>
    </ClInclude>
    <ClInclude Include="..\include\hash.h">
      <Filter>Header Files</Filter>
    </ClInclude>
    <ClInclude Include="..\include\collections\list.h">
      <Filter>Header Files\collections</Filter>
    </ClInclude>
    <ClInclude Include="..\include\collections\hashtable.h">
      <Filter>Header Files\collections</Filter>
    </ClInclude>
    <ClInclude Include="..\include\internal.h">
      <Filter>Header Files</Filter>
    </ClInclude>
    <ClInclude Include="..\include\types\WaveClass.h">
      <Filter>Header Files\types</Filter>
    </ClInclude>
    <ClInclude Include="..\include\types\WaveClassField.h">
      <Filter>Header Files\types</Filter>
    </ClInclude>
    <ClInclude Include="..\include\types\WaveMethod.h">
      <Filter>Header Files\types</Filter>
    </ClInclude>
    <ClInclude Include="..\include\types\WaveMethodHeader.h">
      <Filter>Header Files\types</Filter>
    </ClInclude>
    <ClInclude Include="..\include\types\WaveMethodPInvokeInfo.h">
      <Filter>Header Files\types</Filter>
    </ClInclude>
    <ClInclude Include="..\include\types\WaveMethodSignature.h">
      <Filter>Header Files\types</Filter>
    </ClInclude>
    <ClInclude Include="..\include\types\WaveModificator.h">
      <Filter>Header Files\types</Filter>
    </ClInclude>
    <ClInclude Include="..\include\types\WaveObject.h">
      <Filter>Header Files\types</Filter>
    </ClInclude>
    <ClInclude Include="..\include\types\WaveRef.h">
      <Filter>Header Files\types</Filter>
    </ClInclude>
    <ClInclude Include="..\include\types\WaveReturnType.h">
      <Filter>Header Files\types</Filter>
    </ClInclude>
    <ClInclude Include="..\include\types\WaveRuntimeType.h">
      <Filter>Header Files\types</Filter>
    </ClInclude>
    <ClInclude Include="..\include\types\WaveSignature.h">
      <Filter>Header Files\types</Filter>
    </ClInclude>
    <ClInclude Include="..\include\types\WaveString.h">
      <Filter>Header Files\types</Filter>
    </ClInclude>
    <ClInclude Include="..\include\types\WaveArray.h">
      <Filter>Header Files\types</Filter>
    </ClInclude>
    <ClInclude Include="..\include\types\WaveCallConvention.h">
      <Filter>Header Files\types</Filter>
    </ClInclude>
    <ClInclude Include="..\include\types\WaveImage.h">
      <Filter>Header Files\types</Filter>
    </ClInclude>
    <ClInclude Include="..\include\types\WaveCore.h">
      <Filter>Header Files\types</Filter>
    </ClInclude>
    <ClInclude Include="..\include\typetoken.h">
      <Filter>Header Files</Filter>
    </ClInclude>
    <ClInclude Include="..\include\proxy.h">
      <Filter>Header Files</Filter>
    </ClInclude>
  </ItemGroup>
  <ItemGroup>
    <None Include="..\metadata\opcodes.def">
      <Filter>Source Files</Filter>
    </None>
    <None Include="..\metadata\internal.def">
      <Filter>Source Files</Filter>
    </None>
  </ItemGroup>
</Project>